
Microsoft Visual Studio Solution File, Format Version 12.00
# Visual Studio Version 17
VisualStudioVersion = 17.10.34916.146
MinimumVisualStudioVersion = 10.0.40219.1
Project("{FAE04EC0-301F-11D3-BF4B-00C04F79EFBC}") = "WPFToDoList", "WPFToDoList.csproj", "{F9DDE21A-DC96-42DF-83D8-71F5A959CBAA}"
EndProject
Global
	GlobalSection(SolutionConfigurationPlatforms) = preSolution
		Debug|Any CPU = Debug|Any CPU
		Release|Any CPU = Release|Any CPU
	EndGlobalSection
	GlobalSection(ProjectConfigurationPlatforms) = postSolution
		{F9DDE21A-DC96-42DF-83D8-71F5A959CBAA}.Debug|Any CPU.ActiveCfg = Debug|Any CPU
		{F9DDE21A-DC96-42DF-83D8-71F5A959CBAA}.Debug|Any CPU.Build.0 = Debug|Any CPU
		{F9DDE21A-DC96-42DF-83D8-71F5A959CBAA}.Release|Any CPU.ActiveCfg = Release|Any CPU
		{F9DDE21A-DC96-42DF-83D8-71F5A959CBAA}.Release|Any CPU.Build.0 = Release|Any CPU
	EndGlobalSection
	GlobalSection(SolutionProperties) = preSolution
		HideSolutionNode = FALSE
	EndGlobalSection
	GlobalSection(ExtensibilityGlobals) = postSolution
		SolutionGuid = {6A990181-9716-4AA1-9910-FBED603DB53B}
	EndGlobalSection
EndGlobal
